
Microsoft Visual Studio Solution File, Format Version 12.00
# Visual Studio 15
VisualStudioVersion = 15.0.28307.1340
MinimumVisualStudioVersion = 10.0.40219.1
Project("{8BC9CEB8-8B4A-11D0-8D11-00A0C91BC942}") = "WindowsProject1", "WindowsProject1\WindowsProject1.vcxproj", "{053C9BC4-987F-47B2-AF2D-56D1F9577AB1}"
EndProject
Global
	GlobalSection(SolutionConfigurationPlatforms) = preSolution
		Debug|x64 = Debug|x64
		Debug|x86 = Debug|x86
		Release|x64 = Release|x64
		Release|x86 = Release|x86
	EndGlobalSection
	GlobalSection(ProjectConfigurationPlatforms) = postSolution
		{053C9BC4-987F-47B2-AF2D-56D1F9577AB1}.Debug|x64.ActiveCfg = Debug|x64
		{053C9BC4-987F-47B2-AF2D-56D1F9577AB1}.Debug|x64.Build.0 = Debug|x64
		{053C9BC4-987F-47B2-AF2D-56D1F9577AB1}.Debug|x86.ActiveCfg = Debug|Win32
		{053C9BC4-987F-47B2-AF2D-56D1F9577AB1}.Debug|x86.Build.0 = Debug|Win32
		{053C9BC4-987F-47B2-AF2D-56D1F9577AB1}.Release|x64.ActiveCfg = Release|x64
		{053C9BC4-987F-47B2-AF2D-56D1F9577AB1}.Release|x64.Build.0 = Release|x64
		{053C9BC4-987F-47B2-AF2D-56D1F9577AB1}.Release|x86.ActiveCfg = Release|Win32
		{053C9BC4-987F-47B2-AF2D-56D1F9577AB1}.Release|x86.Build.0 = Release|Win32
	EndGlobalSection
	GlobalSection(SolutionProperties) = preSolution
		HideSolutionNode = FALSE
	EndGlobalSection
	GlobalSection(ExtensibilityGlobals) = postSolution
		SolutionGuid = {6C4539DF-E420-4B35-9C57-381B9D044769}
	EndGlobalSection
EndGlobal
